
Microsoft Visual Studio Solution File, Format Version 12.00
# Visual Studio Version 16
VisualStudioVersion = 16.0.29920.165
MinimumVisualStudioVersion = 10.0.40219.1
Project("{FAE04EC0-301F-11D3-BF4B-00C04F79EFBC}") = "Mytool", "Mytool\Mytool.csproj", "{3966C62B-6002-463F-BCBB-57AFA98DC474}"
EndProject
Global
	GlobalSection(SolutionConfigurationPlatforms) = preSolution
		Debug|Any CPU = Debug|Any CPU
		Release|Any CPU = Release|Any CPU
	EndGlobalSection
	GlobalSection(ProjectConfigurationPlatforms) = postSolution
		{3966C62B-6002-463F-BCBB-57AFA98DC474}.Debug|Any CPU.ActiveCfg = Debug|Any CPU
		{3966C62B-6002-463F-BCBB-57AFA98DC474}.Debug|Any CPU.Build.0 = Debug|Any CPU
		{3966C62B-6002-463F-BCBB-57AFA98DC474}.Release|Any CPU.ActiveCfg = Release|Any CPU
		{3966C62B-6002-463F-BCBB-57AFA98DC474}.Release|Any CPU.Build.0 = Release|Any CPU
	EndGlobalSection
	GlobalSection(SolutionProperties) = preSolution
		HideSolutionNode = FALSE
	EndGlobalSection
	GlobalSection(ExtensibilityGlobals) = postSolution
		SolutionGuid = {79E6CF20-7884-4C5B-B846-293EAADB2B0B}
	EndGlobalSection
EndGlobal
